// !$*UTF8*$!
{
	archiveVersion = 1;
	classes = {
	};
	objectVersion = 46;
	objects = {

/* Begin PBXBuildFile section */
		F92ECBEA1B3BFA3600B05D80 /* AppDelegate.swift in Sources */ = {isa = PBXBuildFile; fileRef = F92ECBE91B3BFA3600B05D80 /* AppDelegate.swift */; };
		F92ECBEC1B3BFA3600B05D80 /* ViewController.swift in Sources */ = {isa = PBXBuildFile; fileRef = F92ECBEB1B3BFA3600B05D80 /* ViewController.swift */; };
		F92ECBEF1B3BFA3600B05D80 /* Main.storyboard in Resources */ = {isa = PBXBuildFile; fileRef = F92ECBED1B3BFA3600B05D80 /* Main.storyboard */; };
		F92ECBF11B3BFA3600B05D80 /* Images.xcassets in Resources */ = {isa = PBXBuildFile; fileRef = F92ECBF01B3BFA3600B05D80 /* Images.xcassets */; };
		F92ECBF41B3BFA3600B05D80 /* LaunchScreen.xib in Resources */ = {isa = PBXBuildFile; fileRef = F92ECBF21B3BFA3600B05D80 /* LaunchScreen.xib */; };
		F92ECC001B3BFA3600B05D80 /* LogicTestSampleProgramTests.swift in Sources */ = {isa = PBXBuildFile; fileRef = F92ECBFF1B3BFA3600B05D80 /* LogicTestSampleProgramTests.swift */; };
		F92ECC0A1B3BFD0000B05D80 /* FizzBuzzTest.swift in Sources */ = {isa = PBXBuildFile; fileRef = F92ECC091B3BFD0000B05D80 /* FizzBuzzTest.swift */; };
		F92ECC0E1B3C004000B05D80 /* ViewController.swift in Sources */ = {isa = PBXBuildFile; fileRef = F92ECBEB1B3BFA3600B05D80 /* ViewController.swift */; };
/* End PBXBuildFile section */

/* Begin PBXContainerItemProxy section */
		F92ECBFA1B3BFA3600B05D80 /* PBXContainerItemProxy */ = {
			isa = PBXContainerItemProxy;
			containerPortal = F92ECBDC1B3BFA3600B05D80 /* Project object */;
			proxyType = 1;
			remoteGlobalIDString = F92ECBE31B3BFA3600B05D80;
			remoteInfo = LogicTestSampleProgram;
		};
/* End PBXContainerItemProxy section */

/* Begin PBXFileReference section */
		F92ECBE41B3BFA3600B05D80 /* LogicTestSampleProgram.app */ = {isa = PBXFileReference; explicitFileType = wrapper.application; includeInIndex = 0; path = LogicTestSampleProgram.app; sourceTree = BUILT_PRODUCTS_DIR; };
		F92ECBE81B3BFA3600B05D80 /* Info.plist */ = {isa = PBXFileReference; lastKnownFileType = text.plist.xml; path = Info.plist; sourceTree = "<group>"; };
		F92ECBE91B3BFA3600B05D80 /* AppDelegate.swift */ = {isa = PBXFileReference; lastKnownFileType = sourcecode.swift; path = AppDelegate.swift; sourceTree = "<group>"; };
		F92ECBEB1B3BFA3600B05D80 /* ViewController.swift */ = {isa = PBXFileReference; lastKnownFileType = sourcecode.swift; path = ViewController.swift; sourceTree = "<group>"; };
		F92ECBEE1B3BFA3600B05D80 /* Base */ = {isa = PBXFileReference; lastKnownFileType = file.storyboard; name = Base; path = Base.lproj/Main.storyboard; sourceTree = "<group>"; };
		F92ECBF01B3BFA3600B05D80 /* Images.xcassets */ = {isa = PBXFileReference; lastKnownFileType = folder.assetcatalog; path = Images.xcassets; sourceTree = "<group>"; };
		F92ECBF31B3BFA3600B05D80 /* Base */ = {isa = PBXFileReference; lastKnownFileType = file.xib; name = Base; path = Base.lproj/LaunchScreen.xib; sourceTree = "<group>"; };
		F92ECBF91B3BFA3600B05D80 /* LogicTestSampleProgramTests.xctest */ = {isa = PBXFileReference; explicitFileType = wrapper.cfbundle; includeInIndex = 0; path = LogicTestSampleProgramTests.xctest; sourceTree = BUILT_PRODUCTS_DIR; };
		F92ECBFE1B3BFA3600B05D80 /* Info.plist */ = {isa = PBXFileReference; lastKnownFileType = text.plist.xml; path = Info.plist; sourceTree = "<group>"; };
		F92ECBFF1B3BFA3600B05D80 /* LogicTestSampleProgramTests.swift */ = {isa = PBXFileReference; lastKnownFileType = sourcecode.swift; path = LogicTestSampleProgramTests.swift; sourceTree = "<group>"; };
		F92ECC091B3BFD0000B05D80 /* FizzBuzzTest.swift */ = {isa = PBXFileReference; fileEncoding = 4; lastKnownFileType = sourcecode.swift; name = FizzBuzzTest.swift; path = LogicTestSampleProgramTests/FizzBuzzTest.swift; sourceTree = SOURCE_ROOT; };
/* End PBXFileReference section */

/* Begin PBXFrameworksBuildPhase section */
		F92ECBE11B3BFA3600B05D80 /* Frameworks */ = {
			isa = PBXFrameworksBuildPhase;
			buildActionMask = 2147483647;
			files = (
			);
			runOnlyForDeploymentPostprocessing = 0;
		};
		F92ECBF61B3BFA3600B05D80 /* Frameworks */ = {
			isa = PBXFrameworksBuildPhase;
			buildActionMask = 2147483647;
			files = (
			);
			runOnlyForDeploymentPostprocessing = 0;
		};
/* End PBXFrameworksBuildPhase section */

/* Begin PBXGroup section */
		F92ECBDB1B3BFA3600B05D80 = {
			isa = PBXGroup;
			children = (
				F92ECBE61B3BFA3600B05D80 /* LogicTestSampleProgram */,
				F92ECBFC1B3BFA3600B05D80 /* LogicTestSampleProgramTests */,
				F92ECBE51B3BFA3600B05D80 /* Products */,
			);
			sourceTree = "<group>";
		};
		F92ECBE51B3BFA3600B05D80 /* Products */ = {
			isa = PBXGroup;
			children = (
				F92ECBE41B3BFA3600B05D80 /* LogicTestSampleProgram.app */,
				F92ECBF91B3BFA3600B05D80 /* LogicTestSampleProgramTests.xctest */,
			);
			name = Products;
			sourceTree = "<group>";
		};
		F92ECBE61B3BFA3600B05D80 /* LogicTestSampleProgram */ = {
			isa = PBXGroup;
			children = (
				F92ECBE91B3BFA3600B05D80 /* AppDelegate.swift */,
				F92ECBEB1B3BFA3600B05D80 /* ViewController.swift */,
				F92ECBED1B3BFA3600B05D80 /* Main.storyboard */,
				F92ECBF01B3BFA3600B05D80 /* Images.xcassets */,
				F92ECBF21B3BFA3600B05D80 /* LaunchScreen.xib */,
				F92ECBE71B3BFA3600B05D80 /* Supporting Files */,
			);
			path = LogicTestSampleProgram;
			sourceTree = "<group>";
		};
		F92ECBE71B3BFA3600B05D80 /* Supporting Files */ = {
			isa = PBXGroup;
			children = (
				F92ECBE81B3BFA3600B05D80 /* Info.plist */,
			);
			name = "Supporting Files";
			sourceTree = "<group>";
		};
		F92ECBFC1B3BFA3600B05D80 /* LogicTestSampleProgramTests */ = {
			isa = PBXGroup;
			children = (
				F92ECC091B3BFD0000B05D80 /* FizzBuzzTest.swift */,
				F92ECBFF1B3BFA3600B05D80 /* LogicTestSampleProgramTests.swift */,
				F92ECBFD1B3BFA3600B05D80 /* Supporting Files */,
			);
			path = LogicTestSampleProgramTests;
			sourceTree = "<group>";
		};
		F92ECBFD1B3BFA3600B05D80 /* Supporting Files */ = {
			isa = PBXGroup;
			children = (
				F92ECBFE1B3BFA3600B05D80 /* Info.plist */,
			);
			name = "Supporting Files";
			sourceTree = "<group>";
		};
/* End PBXGroup section */

/* Begin PBXNativeTarget section */
		F92ECBE31B3BFA3600B05D80 /* LogicTestSampleProgram */ = {
			isa = PBXNativeTarget;
			buildConfigurationList = F92ECC031B3BFA3600B05D80 /* Build configuration list for PBXNativeTarget "LogicTestSampleProgram" */;
			buildPhases = (
				F92ECBE01B3BFA3600B05D80 /* Sources */,
				F92ECBE11B3BFA3600B05D80 /* Frameworks */,
				F92ECBE21B3BFA3600B05D80 /* Resources */,
			);
			buildRules = (
			);
			dependencies = (
			);
			name = LogicTestSampleProgram;
			productName = LogicTestSampleProgram;
			productReference = F92ECBE41B3BFA3600B05D80 /* LogicTestSampleProgram.app */;
			productType = "com.apple.product-type.application";
		};
		F92ECBF81B3BFA3600B05D80 /* LogicTestSampleProgramTests */ = {
			isa = PBXNativeTarget;
			buildConfigurationList = F92ECC061B3BFA3600B05D80 /* Build configuration list for PBXNativeTarget "LogicTestSampleProgramTests" */;
			buildPhases = (
				F92ECBF51B3BFA3600B05D80 /* Sources */,
				F92ECBF61B3BFA3600B05D80 /* Frameworks */,
				F92ECBF71B3BFA3600B05D80 /* Resources */,
			);
			buildRules = (
			);
			dependencies = (
				F92ECBFB1B3BFA3600B05D80 /* PBXTargetDependency */,
			);
			name = LogicTestSampleProgramTests;
			productName = LogicTestSampleProgramTests;
			productReference = F92ECBF91B3BFA3600B05D80 /* LogicTestSampleProgramTests.xctest */;
			productType = "com.apple.product-type.bundle.unit-test";
		};
/* End PBXNativeTarget section */

/* Begin PBXProject section */
		F92ECBDC1B3BFA3600B05D80 /* Project object */ = {
			isa = PBXProject;
			attributes = {
				LastUpgradeCheck = 0630;
				ORGANIZATIONNAME = "Hiromasa Nagamine";
				TargetAttributes = {
					F92ECBE31B3BFA3600B05D80 = {
						CreatedOnToolsVersion = 6.3.2;
					};
					F92ECBF81B3BFA3600B05D80 = {
						CreatedOnToolsVersion = 6.3.2;
						TestTargetID = F92ECBE31B3BFA3600B05D80;
					};
				};
			};
			buildConfigurationList = F92ECBDF1B3BFA3600B05D80 /* Build configuration list for PBXProject "LogicTestSampleProgram" */;
			compatibilityVersion = "Xcode 3.2";
			developmentRegion = English;
			hasScannedForEncodings = 0;
			knownRegions = (
				en,
				Base,
			);
			mainGroup = F92ECBDB1B3BFA3600B05D80;
			productRefGroup = F92ECBE51B3BFA3600B05D80 /* Products */;
			projectDirPath = "";
			projectRoot = "";
			targets = (
				F92ECBE31B3BFA3600B05D80 /* LogicTestSampleProgram */,
				F92ECBF81B3BFA3600B05D80 /* LogicTestSampleProgramTests */,
			);
		};
/* End PBXProject section */

/* Begin PBXResourcesBuildPhase section */
		F92ECBE21B3BFA3600B05D80 /* Resources */ = {
			isa = PBXResourcesBuildPhase;
			buildActionMask = 2147483647;
			files = (
				F92ECBEF1B3BFA3600B05D80 /* Main.storyboard in Resources */,
				F92ECBF41B3BFA3600B05D80 /* LaunchScreen.xib in Resources */,
				F92ECBF11B3BFA3600B05D80 /* Images.xcassets in Resources */,
			);
			runOnlyForDeploymentPostprocessing = 0;
		};
		F92ECBF71B3BFA3600B05D80 /* Resources */ = {
			isa = PBXResourcesBuildPhase;
			buildActionMask = 2147483647;
			files = (
			);
			runOnlyForDeploymentPostprocessing = 0;
		};
/* End PBXResourcesBuildPhase section */

/* Begin PBXSourcesBuildPhase section */
		F92ECBE01B3BFA3600B05D80 /* Sources */ = {
			isa = PBXSourcesBuildPhase;
			buildActionMask = 2147483647;
			files = (
				F92ECBEC1B3BFA3600B05D80 /* ViewController.swift in Sources */,
				F92ECBEA1B3BFA3600B05D80 /* AppDelegate.swift in Sources */,
			);
			runOnlyForDeploymentPostprocessing = 0;
		};
		F92ECBF51B3BFA3600B05D80 /* Sources */ = {
			isa = PBXSourcesBuildPhase;
			buildActionMask = 2147483647;
			files = (
				F92ECC0E1B3C004000B05D80 /* ViewController.swift in Sources */,
				F92ECC001B3BFA3600B05D80 /* LogicTestSampleProgramTests.swift in Sources */,
				F92ECC0A1B3BFD0000B05D80 /* FizzBuzzTest.swift in Sources */,
			);
			runOnlyForDeploymentPostprocessing = 0;
		};
/* End PBXSourcesBuildPhase section */

/* Begin PBXTargetDependency section */
		F92ECBFB1B3BFA3600B05D80 /* PBXTargetDependency */ = {
			isa = PBXTargetDependency;
			target = F92ECBE31B3BFA3600B05D80 /* LogicTestSampleProgram */;
			targetProxy = F92ECBFA1B3BFA3600B05D80 /* PBXContainerItemProxy */;
		};
/* End PBXTargetDependency section */

/* Begin PBXVariantGroup section */
		F92ECBED1B3BFA3600B05D80 /* Main.storyboard */ = {
			isa = PBXVariantGroup;
			children = (
				F92ECBEE1B3BFA3600B05D80 /* Base */,
			);
			name = Main.storyboard;
			sourceTree = "<group>";
		};
		F92ECBF21B3BFA3600B05D80 /* LaunchScreen.xib */ = {
			isa = PBXVariantGroup;
			children = (
				F92ECBF31B3BFA3600B05D80 /* Base */,
			);
			name = LaunchScreen.xib;
			sourceTree = "<group>";
		};
/* End PBXVariantGroup section */

/* Begin XCBuildConfiguration section */
		F92ECC011B3BFA3600B05D80 /* Debug */ = {
			isa = XCBuildConfiguration;
			buildSettings = {
				ALWAYS_SEARCH_USER_PATHS = NO;
				CLANG_CXX_LANGUAGE_STANDARD = "gnu++0x";
				CLANG_CXX_LIBRARY = "libc++";
				CLANG_ENABLE_MODULES = YES;
				CLANG_ENABLE_OBJC_ARC = YES;
				CLANG_WARN_BOOL_CONVERSION = YES;
				CLANG_WARN_CONSTANT_CONVERSION = YES;
				CLANG_WARN_DIRECT_OBJC_ISA_USAGE = YES_ERROR;
				CLANG_WARN_EMPTY_BODY = YES;
				CLANG_WARN_ENUM_CONVERSION = YES;
				CLANG_WARN_INT_CONVERSION = YES;
				CLANG_WARN_OBJC_ROOT_CLASS = YES_ERROR;
				CLANG_WARN_UNREACHABLE_CODE = YES;
				CLANG_WARN__DUPLICATE_METHOD_MATCH = YES;
				"CODE_SIGN_IDENTITY[sdk=iphoneos*]" = "iPhone Developer";
				COPY_PHASE_STRIP = NO;
				DEBUG_INFORMATION_FORMAT = "dwarf-with-dsym";
				ENABLE_STRICT_OBJC_MSGSEND = YES;
				GCC_C_LANGUAGE_STANDARD = gnu99;
				GCC_DYNAMIC_NO_PIC = NO;
				GCC_NO_COMMON_BLOCKS = YES;
				GCC_OPTIMIZATION_LEVEL = 0;
				GCC_PREPROCESSOR_DEFINITIONS = (
					"DEBUG=1",
					"$(inherited)",
				);
				GCC_SYMBOLS_PRIVATE_EXTERN = NO;
				GCC_WARN_64_TO_32_BIT_CONVERSION = YES;
				GCC_WARN_ABOUT_RETURN_TYPE = YES_ERROR;
				GCC_WARN_UNDECLARED_SELECTOR = YES;
				GCC_WARN_UNINITIALIZED_AUTOS = YES_AGGRESSIVE;
				GCC_WARN_UNUSED_FUNCTION = YES;
				GCC_WARN_UNUSED_VARIABLE = YES;
				IPHONEOS_DEPLOYMENT_TARGET = 8.3;
				MTL_ENABLE_DEBUG_INFO = YES;
				ONLY_ACTIVE_ARCH = YES;
				SDKROOT = iphoneos;
				SWIFT_OPTIMIZATION_LEVEL = "-Onone";
				TARGETED_DEVICE_FAMILY = "1,2";
			};
			name = Debug;
		};
		F92ECC021B3BFA3600B05D80 /* Release */ = {
			isa = XCBuildConfiguration;
			buildSettings = {
				ALWAYS_SEARCH_USER_PATHS = NO;
				CLANG_CXX_LANGUAGE_STANDARD = "gnu++0x";
				CLANG_CXX_LIBRARY = "libc++";
				CLANG_ENABLE_MODULES = YES;
				CLANG_ENABLE_OBJC_ARC = YES;
				CLANG_WARN_BOOL_CONVERSION = YES;
				CLANG_WARN_CONSTANT_CONVERSION = YES;
				CLANG_WARN_DIRECT_OBJC_ISA_USAGE = YES_ERROR;
				CLANG_WARN_EMPTY_BODY = YES;
				CLANG_WARN_ENUM_CONVERSION = YES;
				CLANG_WARN_INT_CONVERSION = YES;
				CLANG_WARN_OBJC_ROOT_CLASS = YES_ERROR;
				CLANG_WARN_UNREACHABLE_CODE = YES;
				CLANG_WARN__DUPLICATE_METHOD_MATCH = YES;
				"CODE_SIGN_IDENTITY[sdk=iphoneos*]" = "iPhone Developer";
				COPY_PHASE_STRIP = NO;
				DEBUG_INFORMATION_FORMAT = "dwarf-with-dsym";
				ENABLE_NS_ASSERTIONS = NO;
				ENABLE_STRICT_OBJC_MSGSEND = YES;
				GCC_C_LANGUAGE_STANDARD = gnu99;
				GCC_NO_COMMON_BLOCKS = YES;
				GCC_WARN_64_TO_32_BIT_CONVERSION = YES;
				GCC_WARN_ABOUT_RETURN_TYPE = YES_ERROR;
				GCC_WARN_UNDECLARED_SELECTOR = YES;
				GCC_WARN_UNINITIALIZED_AUTOS = YES_AGGRESSIVE;
				GCC_WARN_UNUSED_FUNCTION = YES;
				GCC_WARN_UNUSED_VARIABLE = YES;
				IPHONEOS_DEPLOYMENT_TARGET = 8.3;
				MTL_ENABLE_DEBUG_INFO = NO;
				SDKROOT = iphoneos;
				TARGETED_DEVICE_FAMILY = "1,2";
				VALIDATE_PRODUCT = YES;
			};
			name = Release;
		};
		F92ECC041B3BFA3600B05D80 /* Debug */ = {
			isa = XCBuildConfiguration;
			buildSettings = {
				ASSETCATALOG_COMPILER_APPICON_NAME = AppIcon;
				INFOPLIST_FILE = LogicTestSampleProgram/Info.plist;
				LD_RUNPATH_SEARCH_PATHS = "$(inherited) @executable_path/Frameworks";
				PRODUCT_NAME = "$(TARGET_NAME)";
			};
			name = Debug;
		};
		F92ECC051B3BFA3600B05D80 /* Release */ = {
			isa = XCBuildConfiguration;
			buildSettings = {
				ASSETCATALOG_COMPILER_APPICON_NAME = AppIcon;
				INFOPLIST_FILE = LogicTestSampleProgram/Info.plist;
				LD_RUNPATH_SEARCH_PATHS = "$(inherited) @executable_path/Frameworks";
				PRODUCT_NAME = "$(TARGET_NAME)";
			};
			name = Release;
		};
		F92ECC071B3BFA3600B05D80 /* Debug */ = {
			isa = XCBuildConfiguration;
			buildSettings = {
				BUNDLE_LOADER = "$(TEST_HOST)";
				FRAMEWORK_SEARCH_PATHS = (
					"$(SDKROOT)/Developer/Library/Frameworks",
					"$(inherited)",
				);
				GCC_PREPROCESSOR_DEFINITIONS = (
					"DEBUG=1",
					"$(inherited)",
				);
				INFOPLIST_FILE = LogicTestSampleProgramTests/Info.plist;
				LD_RUNPATH_SEARCH_PATHS = "$(inherited) @executable_path/Frameworks @loader_path/Frameworks";
				PRODUCT_NAME = "$(TARGET_NAME)";
				TEST_HOST = "$(BUILT_PRODUCTS_DIR)/LogicTestSampleProgram.app/LogicTestSampleProgram";
			};
			name = Debug;
		};
		F92ECC081B3BFA3600B05D80 /* Release */ = {
			isa = XCBuildConfiguration;
			buildSettings = {
				BUNDLE_LOADER = "$(TEST_HOST)";
				FRAMEWORK_SEARCH_PATHS = (
					"$(SDKROOT)/Developer/Library/Frameworks",
					"$(inherited)",
				);
				INFOPLIST_FILE = LogicTestSampleProgramTests/Info.plist;
				LD_RUNPATH_SEARCH_PATHS = "$(inherited) @executable_path/Frameworks @loader_path/Frameworks";
				PRODUCT_NAME = "$(TARGET_NAME)";
				TEST_HOST = "$(BUILT_PRODUCTS_DIR)/LogicTestSampleProgram.app/LogicTestSampleProgram";
			};
			name = Release;
		};
/* End XCBuildConfiguration section */

/* Begin XCConfigurationList section */
		F92ECBDF1B3BFA3600B05D80 /* Build configuration list for PBXProject "LogicTestSampleProgram" */ = {
			isa = XCConfigurationList;
			buildConfigurations = (
				F92ECC011B3BFA3600B05D80 /* Debug */,
				F92ECC021B3BFA3600B05D80 /* Release */,
			);
			defaultConfigurationIsVisible = 0;
			defaultConfigurationName = Release;
		};
		F92ECC031B3BFA3600B05D80 /* Build configuration list for PBXNativeTarget "LogicTestSampleProgram" */ = {
			isa = XCConfigurationList;
			buildConfigurations = (
				F92ECC041B3BFA3600B05D80 /* Debug */,
				F92ECC051B3BFA3600B05D80 /* Release */,
			);
			defaultConfigurationIsVisible = 0;
		};
		F92ECC061B3BFA3600B05D80 /* Build configuration list for PBXNativeTarget "LogicTestSampleProgramTests" */ = {
			isa = XCConfigurationList;
			buildConfigurations = (
				F92ECC071B3BFA3600B05D80 /* Debug */,
				F92ECC081B3BFA3600B05D80 /* Release */,
			);
			defaultConfigurationIsVisible = 0;
		};
/* End XCConfigurationList section */
	};
	rootObject = F92ECBDC1B3BFA3600B05D80 /* Project object */;
}
